
Microsoft Visual Studio Solution File, Format Version 12.00
# Visual Studio Version 17
VisualStudioVersion = 17.9.34607.119
MinimumVisualStudioVersion = 10.0.40219.1
Project("{FAE04EC0-301F-11D3-BF4B-00C04F79EFBC}") = "ыыыы", "ыыыы\ыыыы.csproj", "{6E146D95-8800-41D6-BF8F-2B97A7014B7B}"
EndProject
Global
	GlobalSection(SolutionConfigurationPlatforms) = preSolution
		Debug|Any CPU = Debug|Any CPU
		Release|Any CPU = Release|Any CPU
	EndGlobalSection
	GlobalSection(ProjectConfigurationPlatforms) = postSolution
		{6E146D95-8800-41D6-BF8F-2B97A7014B7B}.Debug|Any CPU.ActiveCfg = Debug|Any CPU
		{6E146D95-8800-41D6-BF8F-2B97A7014B7B}.Debug|Any CPU.Build.0 = Debug|Any CPU
		{6E146D95-8800-41D6-BF8F-2B97A7014B7B}.Release|Any CPU.ActiveCfg = Release|Any CPU
		{6E146D95-8800-41D6-BF8F-2B97A7014B7B}.Release|Any CPU.Build.0 = Release|Any CPU
	EndGlobalSection
	GlobalSection(SolutionProperties) = preSolution
		HideSolutionNode = FALSE
	EndGlobalSection
	GlobalSection(ExtensibilityGlobals) = postSolution
		SolutionGuid = {30289AED-0789-4C76-98FC-A918E33A3BDA}
	EndGlobalSection
EndGlobal
